
Microsoft Visual Studio Solution File, Format Version 12.00
# Visual Studio Version 17
VisualStudioVersion = 17.7.34221.43
MinimumVisualStudioVersion = 10.0.40219.1
Project("{FAE04EC0-301F-11D3-BF4B-00C04F79EFBC}") = "Console_Calculadora_Testes", "Console_Calculadora_Testes\Console_Calculadora_Testes.csproj", "{00A85A18-163D-4991-AB54-566A1FAE887F}"
EndProject
Project("{FAE04EC0-301F-11D3-BF4B-00C04F79EFBC}") = "TestProject1", "TestProject1\TestProject1.csproj", "{0E365368-CE37-4934-8BBD-926BFE287012}"
EndProject
Global
	GlobalSection(SolutionConfigurationPlatforms) = preSolution
		Debug|Any CPU = Debug|Any CPU
		Release|Any CPU = Release|Any CPU
	EndGlobalSection
	GlobalSection(ProjectConfigurationPlatforms) = postSolution
		{00A85A18-163D-4991-AB54-566A1FAE887F}.Debug|Any CPU.ActiveCfg = Debug|Any CPU
		{00A85A18-163D-4991-AB54-566A1FAE887F}.Debug|Any CPU.Build.0 = Debug|Any CPU
		{00A85A18-163D-4991-AB54-566A1FAE887F}.Release|Any CPU.ActiveCfg = Release|Any CPU
		{00A85A18-163D-4991-AB54-566A1FAE887F}.Release|Any CPU.Build.0 = Release|Any CPU
		{0E365368-CE37-4934-8BBD-926BFE287012}.Debug|Any CPU.ActiveCfg = Debug|Any CPU
		{0E365368-CE37-4934-8BBD-926BFE287012}.Debug|Any CPU.Build.0 = Debug|Any CPU
		{0E365368-CE37-4934-8BBD-926BFE287012}.Release|Any CPU.ActiveCfg = Release|Any CPU
		{0E365368-CE37-4934-8BBD-926BFE287012}.Release|Any CPU.Build.0 = Release|Any CPU
	EndGlobalSection
	GlobalSection(SolutionProperties) = preSolution
		HideSolutionNode = FALSE
	EndGlobalSection
	GlobalSection(ExtensibilityGlobals) = postSolution
		SolutionGuid = {B11D11BF-162C-42E9-88A8-CE943DF5D33B}
	EndGlobalSection
EndGlobal
